
Microsoft Visual Studio Solution File, Format Version 12.00
# Visual Studio Version 16
VisualStudioVersion = 16.0.30011.22
MinimumVisualStudioVersion = 10.0.40219.1
Project("{888888A0-9F3D-457C-B088-3A5042F75D52}") = "Compliance", "Compliance.pyproj", "{B266D326-9467-479D-BF28-EDAC42AAB73C}"
EndProject
Global
	GlobalSection(SolutionConfigurationPlatforms) = preSolution
		Debug|Any CPU = Debug|Any CPU
		Release|Any CPU = Release|Any CPU
	EndGlobalSection
	GlobalSection(ProjectConfigurationPlatforms) = postSolution
		{B266D326-9467-479D-BF28-EDAC42AAB73C}.Debug|Any CPU.ActiveCfg = Debug|Any CPU
		{B266D326-9467-479D-BF28-EDAC42AAB73C}.Release|Any CPU.ActiveCfg = Release|Any CPU
	EndGlobalSection
	GlobalSection(SolutionProperties) = preSolution
		HideSolutionNode = FALSE
	EndGlobalSection
	GlobalSection(ExtensibilityGlobals) = postSolution
		SolutionGuid = {C82F0BD8-ECF7-4E62-955A-B7F82856E46D}
	EndGlobalSection
EndGlobal
